// !$*UTF8*$!
{
	archiveVersion = 1;
	classes = {
	};
	objectVersion = 77;
	objects = {

/* Begin PBXBuildFile section */
		731C5F082D288587004D99E1 /* iodbctest.c in Sources */ = {isa = PBXBuildFile; fileRef = 73F375162CAC807A001BBE8D /* iodbctest.c */; };
		731C5F0A2D288587004D99E1 /* iODBC.framework in Frameworks */ = {isa = PBXBuildFile; fileRef = 73F375192CAC811F001BBE8D /* iODBC.framework */; };
		73F375172CAC807A001BBE8D /* iodbctest.c in Sources */ = {isa = PBXBuildFile; fileRef = 73F375162CAC807A001BBE8D /* iodbctest.c */; };
		73F3751A2CAC811F001BBE8D /* iODBC.framework in Frameworks */ = {isa = PBXBuildFile; fileRef = 73F375192CAC811F001BBE8D /* iODBC.framework */; };
/* End PBXBuildFile section */

/* Begin PBXCopyFilesBuildPhase section */
		731C5F0B2D288587004D99E1 /* CopyFiles */ = {
			isa = PBXCopyFilesBuildPhase;
			buildActionMask = 2147483647;
			dstPath = /usr/share/man/man1/;
			dstSubfolderSpec = 0;
			files = (
			);
			runOnlyForDeploymentPostprocessing = 1;
		};
		73F375082CAC7FC8001BBE8D /* CopyFiles */ = {
			isa = PBXCopyFilesBuildPhase;
			buildActionMask = 2147483647;
			dstPath = /usr/share/man/man1/;
			dstSubfolderSpec = 0;
			files = (
			);
			runOnlyForDeploymentPostprocessing = 1;
		};
/* End PBXCopyFilesBuildPhase section */

/* Begin PBXFileReference section */
		731C5F0F2D288587004D99E1 /* iodbctest-unicode */ = {isa = PBXFileReference; explicitFileType = "compiled.mach-o.executable"; includeInIndex = 0; path = "iodbctest-unicode"; sourceTree = BUILT_PRODUCTS_DIR; };
		7389CA5D2D5BD0CB006EC75C /* .gitignore */ = {isa = PBXFileReference; lastKnownFileType = text; path = .gitignore; sourceTree = "<group>"; };
		7389CA5E2D5BD585006EC75C /* README.md */ = {isa = PBXFileReference; lastKnownFileType = net.daringfireball.markdown; path = README.md; sourceTree = "<group>"; };
		73F3750A2CAC7FC8001BBE8D /* iodbctest-ansi */ = {isa = PBXFileReference; explicitFileType = "compiled.mach-o.executable"; includeInIndex = 0; path = "iodbctest-ansi"; sourceTree = BUILT_PRODUCTS_DIR; };
		73F375162CAC807A001BBE8D /* iodbctest.c */ = {isa = PBXFileReference; lastKnownFileType = sourcecode.c.c; path = iodbctest.c; sourceTree = "<group>"; };
		73F375192CAC811F001BBE8D /* iODBC.framework */ = {isa = PBXFileReference; lastKnownFileType = wrapper.framework; name = iODBC.framework; path = ../../../../../Library/Frameworks/iODBC.framework; sourceTree = "<group>"; };
/* End PBXFileReference section */

/* Begin PBXFrameworksBuildPhase section */
		731C5F092D288587004D99E1 /* Frameworks */ = {
			isa = PBXFrameworksBuildPhase;
			buildActionMask = 2147483647;
			files = (
				731C5F0A2D288587004D99E1 /* iODBC.framework in Frameworks */,
			);
			runOnlyForDeploymentPostprocessing = 0;
		};
		73F375072CAC7FC8001BBE8D /* Frameworks */ = {
			isa = PBXFrameworksBuildPhase;
			buildActionMask = 2147483647;
			files = (
				73F3751A2CAC811F001BBE8D /* iODBC.framework in Frameworks */,
			);
			runOnlyForDeploymentPostprocessing = 0;
		};
/* End PBXFrameworksBuildPhase section */

/* Begin PBXGroup section */
		73F375012CAC7FC8001BBE8D = {
			isa = PBXGroup;
			children = (
				7389CA5E2D5BD585006EC75C /* README.md */,
				7389CA5D2D5BD0CB006EC75C /* .gitignore */,
				73F375162CAC807A001BBE8D /* iodbctest.c */,
				73F375182CAC811F001BBE8D /* Frameworks */,
				73F3750B2CAC7FC8001BBE8D /* Products */,
			);
			sourceTree = "<group>";
		};
		73F3750B2CAC7FC8001BBE8D /* Products */ = {
			isa = PBXGroup;
			children = (
				73F3750A2CAC7FC8001BBE8D /* iodbctest-ansi */,
				731C5F0F2D288587004D99E1 /* iodbctest-unicode */,
			);
			name = Products;
			sourceTree = "<group>";
		};
		73F375182CAC811F001BBE8D /* Frameworks */ = {
			isa = PBXGroup;
			children = (
				73F375192CAC811F001BBE8D /* iODBC.framework */,
			);
			name = Frameworks;
			sourceTree = "<group>";
		};
/* End PBXGroup section */

/* Begin PBXNativeTarget section */
		731C5F062D288587004D99E1 /* iodbctest-unicode */ = {
			isa = PBXNativeTarget;
			buildConfigurationList = 731C5F0C2D288587004D99E1 /* Build configuration list for PBXNativeTarget "iodbctest-unicode" */;
			buildPhases = (
				731C5F072D288587004D99E1 /* Sources */,
				731C5F092D288587004D99E1 /* Frameworks */,
				731C5F0B2D288587004D99E1 /* CopyFiles */,
			);
			buildRules = (
			);
			dependencies = (
			);
			name = "iodbctest-unicode";
			packageProductDependencies = (
			);
			productName = iodbctest;
			productReference = 731C5F0F2D288587004D99E1 /* iodbctest-unicode */;
			productType = "com.apple.product-type.tool";
		};
		73F375092CAC7FC8001BBE8D /* iodbctest-ansi */ = {
			isa = PBXNativeTarget;
			buildConfigurationList = 73F375112CAC7FC8001BBE8D /* Build configuration list for PBXNativeTarget "iodbctest-ansi" */;
			buildPhases = (
				73F375062CAC7FC8001BBE8D /* Sources */,
				73F375072CAC7FC8001BBE8D /* Frameworks */,
				73F375082CAC7FC8001BBE8D /* CopyFiles */,
			);
			buildRules = (
			);
			dependencies = (
			);
			name = "iodbctest-ansi";
			packageProductDependencies = (
			);
			productName = iodbctest;
			productReference = 73F3750A2CAC7FC8001BBE8D /* iodbctest-ansi */;
			productType = "com.apple.product-type.tool";
		};
/* End PBXNativeTarget section */

/* Begin PBXProject section */
		73F375022CAC7FC8001BBE8D /* Project object */ = {
			isa = PBXProject;
			attributes = {
				BuildIndependentTargetsInParallel = 1;
				LastUpgradeCheck = 1620;
				TargetAttributes = {
					73F375092CAC7FC8001BBE8D = {
						CreatedOnToolsVersion = 16.0;
					};
				};
			};
			buildConfigurationList = 73F375052CAC7FC8001BBE8D /* Build configuration list for PBXProject "iodbctest" */;
			developmentRegion = en;
			hasScannedForEncodings = 0;
			knownRegions = (
				en,
				Base,
			);
			mainGroup = 73F375012CAC7FC8001BBE8D;
			minimizedProjectReferenceProxies = 1;
			preferredProjectObjectVersion = 77;
			productRefGroup = 73F3750B2CAC7FC8001BBE8D /* Products */;
			projectDirPath = "";
			projectRoot = "";
			targets = (
				73F375092CAC7FC8001BBE8D /* iodbctest-ansi */,
				731C5F062D288587004D99E1 /* iodbctest-unicode */,
			);
		};
/* End PBXProject section */

/* Begin PBXSourcesBuildPhase section */
		731C5F072D288587004D99E1 /* Sources */ = {
			isa = PBXSourcesBuildPhase;
			buildActionMask = 2147483647;
			files = (
				731C5F082D288587004D99E1 /* iodbctest.c in Sources */,
			);
			runOnlyForDeploymentPostprocessing = 0;
		};
		73F375062CAC7FC8001BBE8D /* Sources */ = {
			isa = PBXSourcesBuildPhase;
			buildActionMask = 2147483647;
			files = (
				73F375172CAC807A001BBE8D /* iodbctest.c in Sources */,
			);
			runOnlyForDeploymentPostprocessing = 0;
		};
/* End PBXSourcesBuildPhase section */

/* Begin XCBuildConfiguration section */
		731C5F0D2D288587004D99E1 /* Debug */ = {
			isa = XCBuildConfiguration;
			buildSettings = {
				CODE_SIGN_STYLE = Automatic;
				DEAD_CODE_STRIPPING = YES;
				FRAMEWORK_SEARCH_PATHS = (
					"$(inherited)",
					"$(LOCAL_LIBRARY_DIR)/Frameworks",
				);
				GCC_PREPROCESSOR_DEFINITIONS = UNICODE;
				HEADER_SEARCH_PATHS = ../iODBC/include;
				PRODUCT_NAME = "$(TARGET_NAME)";
				SYMROOT = "$(SRCROOT)/xcode_build_unicode";
			};
			name = Debug;
		};
		731C5F0E2D288587004D99E1 /* Release */ = {
			isa = XCBuildConfiguration;
			buildSettings = {
				CODE_SIGN_STYLE = Automatic;
				DEAD_CODE_STRIPPING = YES;
				FRAMEWORK_SEARCH_PATHS = (
					"$(inherited)",
					"$(LOCAL_LIBRARY_DIR)/Frameworks",
				);
				GCC_PREPROCESSOR_DEFINITIONS = UNICODE;
				HEADER_SEARCH_PATHS = ../iODBC/include;
				PRODUCT_NAME = "$(TARGET_NAME)";
				SYMROOT = "$(SRCROOT)/xcode_build_unicode";
			};
			name = Release;
		};
		73F3750F2CAC7FC8001BBE8D /* Debug */ = {
			isa = XCBuildConfiguration;
			buildSettings = {
				ALWAYS_SEARCH_USER_PATHS = NO;
				ASSETCATALOG_COMPILER_GENERATE_SWIFT_ASSET_SYMBOL_EXTENSIONS = YES;
				CLANG_ANALYZER_NONNULL = YES;
				CLANG_ANALYZER_NUMBER_OBJECT_CONVERSION = YES_AGGRESSIVE;
				CLANG_CXX_LANGUAGE_STANDARD = "c++20";
				CLANG_ENABLE_MODULES = NO;
				CLANG_ENABLE_OBJC_ARC = YES;
				CLANG_ENABLE_OBJC_WEAK = YES;
				CLANG_WARN_BLOCK_CAPTURE_AUTORELEASING = YES;
				CLANG_WARN_BOOL_CONVERSION = YES;
				CLANG_WARN_COMMA = YES;
				CLANG_WARN_CONSTANT_CONVERSION = YES;
				CLANG_WARN_DEPRECATED_OBJC_IMPLEMENTATIONS = YES;
				CLANG_WARN_DIRECT_OBJC_ISA_USAGE = YES_ERROR;
				CLANG_WARN_DOCUMENTATION_COMMENTS = YES;
				CLANG_WARN_EMPTY_BODY = YES;
				CLANG_WARN_ENUM_CONVERSION = YES;
				CLANG_WARN_INFINITE_RECURSION = YES;
				CLANG_WARN_INT_CONVERSION = YES;
				CLANG_WARN_NON_LITERAL_NULL_CONVERSION = YES;
				CLANG_WARN_OBJC_IMPLICIT_RETAIN_SELF = YES;
				CLANG_WARN_OBJC_LITERAL_CONVERSION = YES;
				CLANG_WARN_OBJC_ROOT_CLASS = YES_ERROR;
				CLANG_WARN_QUOTED_INCLUDE_IN_FRAMEWORK_HEADER = YES;
				CLANG_WARN_RANGE_LOOP_ANALYSIS = YES;
				CLANG_WARN_STRICT_PROTOTYPES = YES;
				CLANG_WARN_SUSPICIOUS_MOVE = YES;
				CLANG_WARN_UNGUARDED_AVAILABILITY = YES_AGGRESSIVE;
				CLANG_WARN_UNREACHABLE_CODE = YES;
				CLANG_WARN__DUPLICATE_METHOD_MATCH = YES;
				COPY_PHASE_STRIP = NO;
				DEAD_CODE_STRIPPING = YES;
				DEBUG_INFORMATION_FORMAT = dwarf;
				ENABLE_STRICT_OBJC_MSGSEND = YES;
				ENABLE_TESTABILITY = YES;
				ENABLE_USER_SCRIPT_SANDBOXING = YES;
				GCC_C_LANGUAGE_STANDARD = c17;
				GCC_DYNAMIC_NO_PIC = NO;
				GCC_NO_COMMON_BLOCKS = YES;
				GCC_OPTIMIZATION_LEVEL = 0;
				GCC_PREPROCESSOR_DEFINITIONS = (
					"DEBUG=1",
					"$(inherited)",
				);
				GCC_WARN_64_TO_32_BIT_CONVERSION = YES;
				GCC_WARN_ABOUT_RETURN_TYPE = YES_ERROR;
				GCC_WARN_UNDECLARED_SELECTOR = YES;
				GCC_WARN_UNINITIALIZED_AUTOS = YES_AGGRESSIVE;
				GCC_WARN_UNUSED_FUNCTION = YES;
				GCC_WARN_UNUSED_VARIABLE = YES;
				LOCALIZATION_PREFERS_STRING_CATALOGS = YES;
				MACOSX_DEPLOYMENT_TARGET = 15.0;
				MTL_ENABLE_DEBUG_INFO = INCLUDE_SOURCE;
				MTL_FAST_MATH = YES;
				ONLY_ACTIVE_ARCH = YES;
				SDKROOT = macosx;
				SYMROOT = "";
			};
			name = Debug;
		};
		73F375102CAC7FC8001BBE8D /* Release */ = {
			isa = XCBuildConfiguration;
			buildSettings = {
				ALWAYS_SEARCH_USER_PATHS = NO;
				ASSETCATALOG_COMPILER_GENERATE_SWIFT_ASSET_SYMBOL_EXTENSIONS = YES;
				CLANG_ANALYZER_NONNULL = YES;
				CLANG_ANALYZER_NUMBER_OBJECT_CONVERSION = YES_AGGRESSIVE;
				CLANG_CXX_LANGUAGE_STANDARD = "c++20";
				CLANG_ENABLE_MODULES = NO;
				CLANG_ENABLE_OBJC_ARC = YES;
				CLANG_ENABLE_OBJC_WEAK = YES;
				CLANG_WARN_BLOCK_CAPTURE_AUTORELEASING = YES;
				CLANG_WARN_BOOL_CONVERSION = YES;
				CLANG_WARN_COMMA = YES;
				CLANG_WARN_CONSTANT_CONVERSION = YES;
				CLANG_WARN_DEPRECATED_OBJC_IMPLEMENTATIONS = YES;
				CLANG_WARN_DIRECT_OBJC_ISA_USAGE = YES_ERROR;
				CLANG_WARN_DOCUMENTATION_COMMENTS = YES;
				CLANG_WARN_EMPTY_BODY = YES;
				CLANG_WARN_ENUM_CONVERSION = YES;
				CLANG_WARN_INFINITE_RECURSION = YES;
				CLANG_WARN_INT_CONVERSION = YES;
				CLANG_WARN_NON_LITERAL_NULL_CONVERSION = YES;
				CLANG_WARN_OBJC_IMPLICIT_RETAIN_SELF = YES;
				CLANG_WARN_OBJC_LITERAL_CONVERSION = YES;
				CLANG_WARN_OBJC_ROOT_CLASS = YES_ERROR;
				CLANG_WARN_QUOTED_INCLUDE_IN_FRAMEWORK_HEADER = YES;
				CLANG_WARN_RANGE_LOOP_ANALYSIS = YES;
				CLANG_WARN_STRICT_PROTOTYPES = YES;
				CLANG_WARN_SUSPICIOUS_MOVE = YES;
				CLANG_WARN_UNGUARDED_AVAILABILITY = YES_AGGRESSIVE;
				CLANG_WARN_UNREACHABLE_CODE = YES;
				CLANG_WARN__DUPLICATE_METHOD_MATCH = YES;
				COPY_PHASE_STRIP = NO;
				DEAD_CODE_STRIPPING = YES;
				DEBUG_INFORMATION_FORMAT = "dwarf-with-dsym";
				ENABLE_NS_ASSERTIONS = NO;
				ENABLE_STRICT_OBJC_MSGSEND = YES;
				ENABLE_USER_SCRIPT_SANDBOXING = YES;
				GCC_C_LANGUAGE_STANDARD = c17;
				GCC_NO_COMMON_BLOCKS = YES;
				GCC_WARN_64_TO_32_BIT_CONVERSION = YES;
				GCC_WARN_ABOUT_RETURN_TYPE = YES_ERROR;
				GCC_WARN_UNDECLARED_SELECTOR = YES;
				GCC_WARN_UNINITIALIZED_AUTOS = YES_AGGRESSIVE;
				GCC_WARN_UNUSED_FUNCTION = YES;
				GCC_WARN_UNUSED_VARIABLE = YES;
				LOCALIZATION_PREFERS_STRING_CATALOGS = YES;
				MACOSX_DEPLOYMENT_TARGET = 15.0;
				MTL_ENABLE_DEBUG_INFO = NO;
				MTL_FAST_MATH = YES;
				SDKROOT = macosx;
				SYMROOT = "";
			};
			name = Release;
		};
		73F375122CAC7FC8001BBE8D /* Debug */ = {
			isa = XCBuildConfiguration;
			buildSettings = {
				CODE_SIGN_STYLE = Automatic;
				DEAD_CODE_STRIPPING = YES;
				FRAMEWORK_SEARCH_PATHS = (
					"$(inherited)",
					"$(LOCAL_LIBRARY_DIR)/Frameworks",
				);
				GCC_PREPROCESSOR_DEFINITIONS = "";
				HEADER_SEARCH_PATHS = ../iODBC/include;
				PRODUCT_NAME = "$(TARGET_NAME)";
				SYMROOT = "$(SRCROOT)/xcode_build_ansi";
			};
			name = Debug;
		};
		73F375132CAC7FC8001BBE8D /* Release */ = {
			isa = XCBuildConfiguration;
			buildSettings = {
				CODE_SIGN_STYLE = Automatic;
				DEAD_CODE_STRIPPING = YES;
				FRAMEWORK_SEARCH_PATHS = (
					"$(inherited)",
					"$(LOCAL_LIBRARY_DIR)/Frameworks",
				);
				GCC_PREPROCESSOR_DEFINITIONS = "";
				HEADER_SEARCH_PATHS = ../iODBC/include;
				PRODUCT_NAME = "$(TARGET_NAME)";
				SYMROOT = "$(SRCROOT)/xcode_build_ansi";
			};
			name = Release;
		};
/* End XCBuildConfiguration section */

/* Begin XCConfigurationList section */
		731C5F0C2D288587004D99E1 /* Build configuration list for PBXNativeTarget "iodbctest-unicode" */ = {
			isa = XCConfigurationList;
			buildConfigurations = (
				731C5F0D2D288587004D99E1 /* Debug */,
				731C5F0E2D288587004D99E1 /* Release */,
			);
			defaultConfigurationIsVisible = 0;
			defaultConfigurationName = Release;
		};
		73F375052CAC7FC8001BBE8D /* Build configuration list for PBXProject "iodbctest" */ = {
			isa = XCConfigurationList;
			buildConfigurations = (
				73F3750F2CAC7FC8001BBE8D /* Debug */,
				73F375102CAC7FC8001BBE8D /* Release */,
			);
			defaultConfigurationIsVisible = 0;
			defaultConfigurationName = Release;
		};
		73F375112CAC7FC8001BBE8D /* Build configuration list for PBXNativeTarget "iodbctest-ansi" */ = {
			isa = XCConfigurationList;
			buildConfigurations = (
				73F375122CAC7FC8001BBE8D /* Debug */,
				73F375132CAC7FC8001BBE8D /* Release */,
			);
			defaultConfigurationIsVisible = 0;
			defaultConfigurationName = Release;
		};
/* End XCConfigurationList section */
	};
	rootObject = 73F375022CAC7FC8001BBE8D /* Project object */;
}
